Microsoft Visual Studio Solution File, Format Version 9.00
# Visual Studio 2005
Project("{8BC9CEB8-8B4A-11D0-8D11-00A0C91BC942}") = "Plugin_PagingLandScapeSceneManager2", "PlugIns\PagingLandScape2\scripts\Plugin_PagingLandScapeSceneManager2_vc8_SDK.vcproj", "{FC8118A4-376A-48EA-8062-999E589EA482}"
EndProject
Project("{8BC9CEB8-8B4A-11D0-8D11-00A0C91BC942}") = "Demo_PagingLandScape2", "samples\PagingLandScape2\scripts\Demo_PagingLandScape2_vc8_SDK.vcproj", "{EDD4B978-5ABA-448B-8DA7-A02F99714D66}"
	ProjectSection(ProjectDependencies) = postProject
		{FC8118A4-376A-48EA-8062-999E589EA482} = {FC8118A4-376A-48EA-8062-999E589EA482}
	EndProjectSection
EndProject
Project("{8BC9CEB8-8B4A-11D0-8D11-00A0C91BC942}") = "Tool_MapSplitter", "Tools\MapSplitter\script\MapSplitter_vc8_SDK.vcproj", "{B8DB13C1-5F0E-4C42-8764-6DEE559A6646}"
EndProject
Project("{8BC9CEB8-8B4A-11D0-8D11-00A0C91BC942}") = "MapEditor", "Samples\MapEditor\scripts\MapEditor_vc8_SDK.vcproj", "{78B6B269-E5EC-4745-A7E5-84802F92A32B}"
	ProjectSection(ProjectDependencies) = postProject
		{FC8118A4-376A-48EA-8062-999E589EA482} = {FC8118A4-376A-48EA-8062-999E589EA482}
	EndProjectSection
EndProject
Project("{8BC9CEB8-8B4A-11D0-8D11-00A0C91BC942}") = "TerrainGenerator", "Tools\TerrainGenerator\script\TerrainGenerator_vc8_SDK.vcproj", "{E52859A0-07EF-4048-A83A-2488757D31A2}"
	ProjectSection(ProjectDependencies) = postProject
		{FC8118A4-376A-48EA-8062-999E589EA482} = {FC8118A4-376A-48EA-8062-999E589EA482}
	EndProjectSection
EndProject
Global
	GlobalSection(SolutionConfigurationPlatforms) = preSolution
		Debug|Win32 = Debug|Win32
		Release|Win32 = Release|Win32
	EndGlobalSection
	GlobalSection(ProjectConfigurationPlatforms) = postSolution
		{FC8118A4-376A-48EA-8062-999E589EA482}.Debug|Win32.ActiveCfg = Debug|Win32
		{FC8118A4-376A-48EA-8062-999E589EA482}.Debug|Win32.Build.0 = Debug|Win32
		{FC8118A4-376A-48EA-8062-999E589EA482}.Release|Win32.ActiveCfg = Release|Win32
		{EDD4B978-5ABA-448B-8DA7-A02F99714D66}.Debug|Win32.ActiveCfg = Debug|Win32
		{EDD4B978-5ABA-448B-8DA7-A02F99714D66}.Debug|Win32.Build.0 = Debug|Win32
		{EDD4B978-5ABA-448B-8DA7-A02F99714D66}.Release|Win32.ActiveCfg = Release|Win32
		{B8DB13C1-5F0E-4C42-8764-6DEE559A6646}.Debug|Win32.ActiveCfg = Debug|Win32
		{B8DB13C1-5F0E-4C42-8764-6DEE559A6646}.Debug|Win32.Build.0 = Debug|Win32
		{B8DB13C1-5F0E-4C42-8764-6DEE559A6646}.Release|Win32.ActiveCfg = Release|Win32
		{78B6B269-E5EC-4745-A7E5-84802F92A32B}.Debug|Win32.ActiveCfg = Debug|Win32
		{78B6B269-E5EC-4745-A7E5-84802F92A32B}.Debug|Win32.Build.0 = Debug|Win32
		{78B6B269-E5EC-4745-A7E5-84802F92A32B}.Release|Win32.ActiveCfg = Release|Win32
		{78B6B269-E5EC-4745-A7E5-84802F92A32B}.Release|Win32.Build.0 = Release|Win32
		{E52859A0-07EF-4048-A83A-2488757D31A2}.Debug|Win32.ActiveCfg = Debug|Win32
		{E52859A0-07EF-4048-A83A-2488757D31A2}.Debug|Win32.Build.0 = Debug|Win32
		{E52859A0-07EF-4048-A83A-2488757D31A2}.Release|Win32.ActiveCfg = Release|Win32
		{E52859A0-07EF-4048-A83A-2488757D31A2}.Release|Win32.Build.0 = Release|Win32
	EndGlobalSection
	GlobalSection(SolutionProperties) = preSolution
		HideSolutionNode = FALSE
	EndGlobalSection
	GlobalSection(DPCodeReviewSolutionGUID) = preSolution
		DPCodeReviewSolutionGUID = {00000000-0000-0000-0000-000000000000}
	EndGlobalSection
EndGlobal
