
Microsoft Visual Studio Solution File, Format Version 9.00
# Visual Studio 2005
Project("{8BC9CEB8-8B4A-11D0-8D11-00A0C91BC942}") = "TerrainGenerator", "TerrainGenerator_vc8_SDK.vcproj", "{E52859A0-07EF-4048-A83A-2488757D31A2}"
EndProject
Global
	GlobalSection(SolutionConfigurationPlatforms) = preSolution
		Debug|Win32 = Debug|Win32
		Release|Win32 = Release|Win32
	EndGlobalSection
	GlobalSection(ProjectConfigurationPlatforms) = postSolution
		{E52859A0-07EF-4048-A83A-2488757D31A2}.Debug|Win32.ActiveCfg = Release|Win32
		{E52859A0-07EF-4048-A83A-2488757D31A2}.Debug|Win32.Build.0 = Release|Win32
		{E52859A0-07EF-4048-A83A-2488757D31A2}.Release|Win32.ActiveCfg = Release|Win32
		{E52859A0-07EF-4048-A83A-2488757D31A2}.Release|Win32.Build.0 = Release|Win32
	EndGlobalSection
	GlobalSection(SolutionProperties) = preSolution
		HideSolutionNode = FALSE
	EndGlobalSection
EndGlobal
